
Microsoft Visual Studio Solution File, Format Version 12.00
# Visual Studio Version 17
VisualStudioVersion = 17.3.32929.385
MinimumVisualStudioVersion = 10.0.40219.1
Project("{FAE04EC0-301F-11D3-BF4B-00C04F79EFBC}") = "Individual", "Individual\Individual.csproj", "{FB3F5003-4063-4F94-93AB-E8AE783235ED}"
EndProject
Project("{FAE04EC0-301F-11D3-BF4B-00C04F79EFBC}") = "LibreriaGrupal", "LibreriaGrupal\LibreriaGrupal.csproj", "{990D8E98-A02D-4E21-8457-C4E6ABC9B099}"
EndProject
Global
	GlobalSection(SolutionConfigurationPlatforms) = preSolution
		Debug|Any CPU = Debug|Any CPU
		Release|Any CPU = Release|Any CPU
	EndGlobalSection
	GlobalSection(ProjectConfigurationPlatforms) = postSolution
		{FB3F5003-4063-4F94-93AB-E8AE783235ED}.Debug|Any CPU.ActiveCfg = Debug|Any CPU
		{FB3F5003-4063-4F94-93AB-E8AE783235ED}.Debug|Any CPU.Build.0 = Debug|Any CPU
		{FB3F5003-4063-4F94-93AB-E8AE783235ED}.Release|Any CPU.ActiveCfg = Release|Any CPU
		{FB3F5003-4063-4F94-93AB-E8AE783235ED}.Release|Any CPU.Build.0 = Release|Any CPU
		{990D8E98-A02D-4E21-8457-C4E6ABC9B099}.Debug|Any CPU.ActiveCfg = Debug|Any CPU
		{990D8E98-A02D-4E21-8457-C4E6ABC9B099}.Debug|Any CPU.Build.0 = Debug|Any CPU
		{990D8E98-A02D-4E21-8457-C4E6ABC9B099}.Release|Any CPU.ActiveCfg = Release|Any CPU
		{990D8E98-A02D-4E21-8457-C4E6ABC9B099}.Release|Any CPU.Build.0 = Release|Any CPU
	EndGlobalSection
	GlobalSection(SolutionProperties) = preSolution
		HideSolutionNode = FALSE
	EndGlobalSection
	GlobalSection(ExtensibilityGlobals) = postSolution
		SolutionGuid = {CFD3198B-3E26-44B3-B5BD-56AAF1074C42}
	EndGlobalSection
EndGlobal
